// !$*UTF8*$!
{
	archiveVersion = 1;
	classes = {
	};
	objectVersion = 50;
	objects = {

/* Begin PBXBuildFile section */
		7F4BB351214A00DE0038AF0D /* AppDelegate.m in Sources */ = {isa = PBXBuildFile; fileRef = 7F4BB350214A00DE0038AF0D /* AppDelegate.m */; };
		7F4BB354214A00DE0038AF0D /* ViewController.m in Sources */ = {isa = PBXBuildFile; fileRef = 7F4BB353214A00DE0038AF0D /* ViewController.m */; };
		7F4BB357214A00DE0038AF0D /* Main.storyboard in Resources */ = {isa = PBXBuildFile; fileRef = 7F4BB355214A00DE0038AF0D /* Main.storyboard */; };
		7F4BB359214A00E00038AF0D /* Assets.xcassets in Resources */ = {isa = PBXBuildFile; fileRef = 7F4BB358214A00E00038AF0D /* Assets.xcassets */; };
		7F4BB35C214A00E00038AF0D /* LaunchScreen.storyboard in Resources */ = {isa = PBXBuildFile; fileRef = 7F4BB35A214A00E00038AF0D /* LaunchScreen.storyboard */; };
		7F4BB35F214A00E00038AF0D /* main.m in Sources */ = {isa = PBXBuildFile; fileRef = 7F4BB35E214A00E00038AF0D /* main.m */; };
		7F4BB373214A020B0038AF0D /* DZBaseViewController.m in Sources */ = {isa = PBXBuildFile; fileRef = 7F4BB36D214A020B0038AF0D /* DZBaseViewController.m */; };
		7F4BB374214A020B0038AF0D /* DZBaseViewModel.m in Sources */ = {isa = PBXBuildFile; fileRef = 7F4BB36F214A020B0038AF0D /* DZBaseViewModel.m */; };
		7F4BB377214A04530038AF0D /* PerfectObject.m in Sources */ = {isa = PBXBuildFile; fileRef = 7F4BB376214A04530038AF0D /* PerfectObject.m */; };
		7F4BB380214A15600038AF0D /* NSObject+DictionaryToModel.m in Sources */ = {isa = PBXBuildFile; fileRef = 7F4BB379214A15600038AF0D /* NSObject+DictionaryToModel.m */; };
/* End PBXBuildFile section */

/* Begin PBXFileReference section */
		7F4BB34C214A00DE0038AF0D /* PerfectRuntime.app */ = {isa = PBXFileReference; explicitFileType = wrapper.application; includeInIndex = 0; path = PerfectRuntime.app; sourceTree = BUILT_PRODUCTS_DIR; };
		7F4BB34F214A00DE0038AF0D /* AppDelegate.h */ = {isa = PBXFileReference; lastKnownFileType = sourcecode.c.h; path = AppDelegate.h; sourceTree = "<group>"; };
		7F4BB350214A00DE0038AF0D /* AppDelegate.m */ = {isa = PBXFileReference; lastKnownFileType = sourcecode.c.objc; path = AppDelegate.m; sourceTree = "<group>"; };
		7F4BB352214A00DE0038AF0D /* ViewController.h */ = {isa = PBXFileReference; lastKnownFileType = sourcecode.c.h; path = ViewController.h; sourceTree = "<group>"; };
		7F4BB353214A00DE0038AF0D /* ViewController.m */ = {isa = PBXFileReference; lastKnownFileType = sourcecode.c.objc; path = ViewController.m; sourceTree = "<group>"; };
		7F4BB356214A00DE0038AF0D /* Base */ = {isa = PBXFileReference; lastKnownFileType = file.storyboard; name = Base; path = Base.lproj/Main.storyboard; sourceTree = "<group>"; };
		7F4BB358214A00E00038AF0D /* Assets.xcassets */ = {isa = PBXFileReference; lastKnownFileType = folder.assetcatalog; path = Assets.xcassets; sourceTree = "<group>"; };
		7F4BB35B214A00E00038AF0D /* Base */ = {isa = PBXFileReference; lastKnownFileType = file.storyboard; name = Base; path = Base.lproj/LaunchScreen.storyboard; sourceTree = "<group>"; };
		7F4BB35D214A00E00038AF0D /* Info.plist */ = {isa = PBXFileReference; lastKnownFileType = text.plist.xml; path = Info.plist; sourceTree = "<group>"; };
		7F4BB35E214A00E00038AF0D /* main.m */ = {isa = PBXFileReference; lastKnownFileType = sourcecode.c.objc; path = main.m; sourceTree = "<group>"; };
		7F4BB36C214A020B0038AF0D /* DZBaseViewController.h */ = {isa = PBXFileReference; fileEncoding = 4; lastKnownFileType = sourcecode.c.h; path = DZBaseViewController.h; sourceTree = "<group>"; };
		7F4BB36D214A020B0038AF0D /* DZBaseViewController.m */ = {isa = PBXFileReference; fileEncoding = 4; lastKnownFileType = sourcecode.c.objc; path = DZBaseViewController.m; sourceTree = "<group>"; };
		7F4BB36F214A020B0038AF0D /* DZBaseViewModel.m */ = {isa = PBXFileReference; fileEncoding = 4; lastKnownFileType = sourcecode.c.objc; path = DZBaseViewModel.m; sourceTree = "<group>"; };
		7F4BB370214A020B0038AF0D /* DZBaseViewModel.h */ = {isa = PBXFileReference; fileEncoding = 4; lastKnownFileType = sourcecode.c.h; path = DZBaseViewModel.h; sourceTree = "<group>"; };
		7F4BB375214A04530038AF0D /* PerfectObject.h */ = {isa = PBXFileReference; lastKnownFileType = sourcecode.c.h; path = PerfectObject.h; sourceTree = "<group>"; };
		7F4BB376214A04530038AF0D /* PerfectObject.m */ = {isa = PBXFileReference; lastKnownFileType = sourcecode.c.objc; path = PerfectObject.m; sourceTree = "<group>"; };
		7F4BB379214A15600038AF0D /* NSObject+DictionaryToModel.m */ = {isa = PBXFileReference; fileEncoding = 4; lastKnownFileType = sourcecode.c.objc; path = "NSObject+DictionaryToModel.m"; sourceTree = "<group>"; };
		7F4BB37D214A15600038AF0D /* NSObject+DictionaryToModel.h */ = {isa = PBXFileReference; fileEncoding = 4; lastKnownFileType = sourcecode.c.h; path = "NSObject+DictionaryToModel.h"; sourceTree = "<group>"; };
/* End PBXFileReference section */

/* Begin PBXFrameworksBuildPhase section */
		7F4BB349214A00DE0038AF0D /* Frameworks */ = {
			isa = PBXFrameworksBuildPhase;
			buildActionMask = 2147483647;
			files = (
			);
			runOnlyForDeploymentPostprocessing = 0;
		};
/* End PBXFrameworksBuildPhase section */

/* Begin PBXGroup section */
		7F4BB343214A00DE0038AF0D = {
			isa = PBXGroup;
			children = (
				7F4BB34E214A00DE0038AF0D /* PerfectRuntime */,
				7F4BB34D214A00DE0038AF0D /* Products */,
			);
			sourceTree = "<group>";
		};
		7F4BB34D214A00DE0038AF0D /* Products */ = {
			isa = PBXGroup;
			children = (
				7F4BB34C214A00DE0038AF0D /* PerfectRuntime.app */,
			);
			name = Products;
			sourceTree = "<group>";
		};
		7F4BB34E214A00DE0038AF0D /* PerfectRuntime */ = {
			isa = PBXGroup;
			children = (
				7F4BB378214A15600038AF0D /* RuntimeDictToModel */,
				7F4BB36A214A020B0038AF0D /* BaseView */,
				7F4BB365214A020B0038AF0D /* Rumtime */,
				7F4BB34F214A00DE0038AF0D /* AppDelegate.h */,
				7F4BB350214A00DE0038AF0D /* AppDelegate.m */,
				7F4BB352214A00DE0038AF0D /* ViewController.h */,
				7F4BB353214A00DE0038AF0D /* ViewController.m */,
				7F4BB355214A00DE0038AF0D /* Main.storyboard */,
				7F4BB358214A00E00038AF0D /* Assets.xcassets */,
				7F4BB35A214A00E00038AF0D /* LaunchScreen.storyboard */,
				7F4BB35D214A00E00038AF0D /* Info.plist */,
				7F4BB35E214A00E00038AF0D /* main.m */,
			);
			path = PerfectRuntime;
			sourceTree = "<group>";
		};
		7F4BB365214A020B0038AF0D /* Rumtime */ = {
			isa = PBXGroup;
			children = (
				7F4BB375214A04530038AF0D /* PerfectObject.h */,
				7F4BB376214A04530038AF0D /* PerfectObject.m */,
			);
			path = Rumtime;
			sourceTree = "<group>";
		};
		7F4BB36A214A020B0038AF0D /* BaseView */ = {
			isa = PBXGroup;
			children = (
				7F4BB36B214A020B0038AF0D /* Controller */,
				7F4BB36E214A020B0038AF0D /* Model */,
			);
			path = BaseView;
			sourceTree = "<group>";
		};
		7F4BB36B214A020B0038AF0D /* Controller */ = {
			isa = PBXGroup;
			children = (
				7F4BB36C214A020B0038AF0D /* DZBaseViewController.h */,
				7F4BB36D214A020B0038AF0D /* DZBaseViewController.m */,
			);
			path = Controller;
			sourceTree = "<group>";
		};
		7F4BB36E214A020B0038AF0D /* Model */ = {
			isa = PBXGroup;
			children = (
				7F4BB36F214A020B0038AF0D /* DZBaseViewModel.m */,
				7F4BB370214A020B0038AF0D /* DZBaseViewModel.h */,
			);
			path = Model;
			sourceTree = "<group>";
		};
		7F4BB378214A15600038AF0D /* RuntimeDictToModel */ = {
			isa = PBXGroup;
			children = (
				7F4BB37D214A15600038AF0D /* NSObject+DictionaryToModel.h */,
				7F4BB379214A15600038AF0D /* NSObject+DictionaryToModel.m */,
			);
			path = RuntimeDictToModel;
			sourceTree = "<group>";
		};
/* End PBXGroup section */

/* Begin PBXNativeTarget section */
		7F4BB34B214A00DE0038AF0D /* PerfectRuntime */ = {
			isa = PBXNativeTarget;
			buildConfigurationList = 7F4BB362214A00E00038AF0D /* Build configuration list for PBXNativeTarget "PerfectRuntime" */;
			buildPhases = (
				7F4BB348214A00DE0038AF0D /* Sources */,
				7F4BB349214A00DE0038AF0D /* Frameworks */,
				7F4BB34A214A00DE0038AF0D /* Resources */,
			);
			buildRules = (
			);
			dependencies = (
			);
			name = PerfectRuntime;
			productName = PerfectRuntime;
			productReference = 7F4BB34C214A00DE0038AF0D /* PerfectRuntime.app */;
			productType = "com.apple.product-type.application";
		};
/* End PBXNativeTarget section */

/* Begin PBXProject section */
		7F4BB344214A00DE0038AF0D /* Project object */ = {
			isa = PBXProject;
			attributes = {
				LastUpgradeCheck = 0940;
				ORGANIZATIONNAME = "Yang,Dongzheng";
				TargetAttributes = {
					7F4BB34B214A00DE0038AF0D = {
						CreatedOnToolsVersion = 9.4.1;
					};
				};
			};
			buildConfigurationList = 7F4BB347214A00DE0038AF0D /* Build configuration list for PBXProject "PerfectRuntime" */;
			compatibilityVersion = "Xcode 9.3";
			developmentRegion = en;
			hasScannedForEncodings = 0;
			knownRegions = (
				en,
				Base,
			);
			mainGroup = 7F4BB343214A00DE0038AF0D;
			productRefGroup = 7F4BB34D214A00DE0038AF0D /* Products */;
			projectDirPath = "";
			projectRoot = "";
			targets = (
				7F4BB34B214A00DE0038AF0D /* PerfectRuntime */,
			);
		};
/* End PBXProject section */

/* Begin PBXResourcesBuildPhase section */
		7F4BB34A214A00DE0038AF0D /* Resources */ = {
			isa = PBXResourcesBuildPhase;
			buildActionMask = 2147483647;
			files = (
				7F4BB35C214A00E00038AF0D /* LaunchScreen.storyboard in Resources */,
				7F4BB359214A00E00038AF0D /* Assets.xcassets in Resources */,
				7F4BB357214A00DE0038AF0D /* Main.storyboard in Resources */,
			);
			runOnlyForDeploymentPostprocessing = 0;
		};
/* End PBXResourcesBuildPhase section */

/* Begin PBXSourcesBuildPhase section */
		7F4BB348214A00DE0038AF0D /* Sources */ = {
			isa = PBXSourcesBuildPhase;
			buildActionMask = 2147483647;
			files = (
				7F4BB380214A15600038AF0D /* NSObject+DictionaryToModel.m in Sources */,
				7F4BB374214A020B0038AF0D /* DZBaseViewModel.m in Sources */,
				7F4BB354214A00DE0038AF0D /* ViewController.m in Sources */,
				7F4BB35F214A00E00038AF0D /* main.m in Sources */,
				7F4BB377214A04530038AF0D /* PerfectObject.m in Sources */,
				7F4BB351214A00DE0038AF0D /* AppDelegate.m in Sources */,
				7F4BB373214A020B0038AF0D /* DZBaseViewController.m in Sources */,
			);
			runOnlyForDeploymentPostprocessing = 0;
		};
/* End PBXSourcesBuildPhase section */

/* Begin PBXVariantGroup section */
		7F4BB355214A00DE0038AF0D /* Main.storyboard */ = {
			isa = PBXVariantGroup;
			children = (
				7F4BB356214A00DE0038AF0D /* Base */,
			);
			name = Main.storyboard;
			sourceTree = "<group>";
		};
		7F4BB35A214A00E00038AF0D /* LaunchScreen.storyboard */ = {
			isa = PBXVariantGroup;
			children = (
				7F4BB35B214A00E00038AF0D /* Base */,
			);
			name = LaunchScreen.storyboard;
			sourceTree = "<group>";
		};
/* End PBXVariantGroup section */

/* Begin XCBuildConfiguration section */
		7F4BB360214A00E00038AF0D /* Debug */ = {
			isa = XCBuildConfiguration;
			buildSettings = {
				ALWAYS_SEARCH_USER_PATHS = NO;
				CLANG_ANALYZER_NONNULL = YES;
				CLANG_ANALYZER_NUMBER_OBJECT_CONVERSION = YES_AGGRESSIVE;
				CLANG_CXX_LANGUAGE_STANDARD = "gnu++14";
				CLANG_CXX_LIBRARY = "libc++";
				CLANG_ENABLE_MODULES = YES;
				CLANG_ENABLE_OBJC_ARC = YES;
				CLANG_ENABLE_OBJC_WEAK = YES;
				CLANG_WARN_BLOCK_CAPTURE_AUTORELEASING = YES;
				CLANG_WARN_BOOL_CONVERSION = YES;
				CLANG_WARN_COMMA = YES;
				CLANG_WARN_CONSTANT_CONVERSION = YES;
				CLANG_WARN_DEPRECATED_OBJC_IMPLEMENTATIONS = YES;
				CLANG_WARN_DIRECT_OBJC_ISA_USAGE = YES_ERROR;
				CLANG_WARN_DOCUMENTATION_COMMENTS = YES;
				CLANG_WARN_EMPTY_BODY = YES;
				CLANG_WARN_ENUM_CONVERSION = YES;
				CLANG_WARN_INFINITE_RECURSION = YES;
				CLANG_WARN_INT_CONVERSION = YES;
				CLANG_WARN_NON_LITERAL_NULL_CONVERSION = YES;
				CLANG_WARN_OBJC_IMPLICIT_RETAIN_SELF = YES;
				CLANG_WARN_OBJC_LITERAL_CONVERSION = YES;
				CLANG_WARN_OBJC_ROOT_CLASS = YES_ERROR;
				CLANG_WARN_RANGE_LOOP_ANALYSIS = YES;
				CLANG_WARN_STRICT_PROTOTYPES = YES;
				CLANG_WARN_SUSPICIOUS_MOVE = YES;
				CLANG_WARN_UNGUARDED_AVAILABILITY = YES_AGGRESSIVE;
				CLANG_WARN_UNREACHABLE_CODE = YES;
				CLANG_WARN__DUPLICATE_METHOD_MATCH = YES;
				CODE_SIGN_IDENTITY = "iPhone Developer";
				COPY_PHASE_STRIP = NO;
				DEBUG_INFORMATION_FORMAT = dwarf;
				ENABLE_STRICT_OBJC_MSGSEND = YES;
				ENABLE_TESTABILITY = YES;
				GCC_C_LANGUAGE_STANDARD = gnu11;
				GCC_DYNAMIC_NO_PIC = NO;
				GCC_NO_COMMON_BLOCKS = YES;
				GCC_OPTIMIZATION_LEVEL = 0;
				GCC_PREPROCESSOR_DEFINITIONS = (
					"DEBUG=1",
					"$(inherited)",
				);
				GCC_WARN_64_TO_32_BIT_CONVERSION = YES;
				GCC_WARN_ABOUT_RETURN_TYPE = YES_ERROR;
				GCC_WARN_UNDECLARED_SELECTOR = YES;
				GCC_WARN_UNINITIALIZED_AUTOS = YES_AGGRESSIVE;
				GCC_WARN_UNUSED_FUNCTION = YES;
				GCC_WARN_UNUSED_VARIABLE = YES;
				IPHONEOS_DEPLOYMENT_TARGET = 11.4;
				MTL_ENABLE_DEBUG_INFO = YES;
				ONLY_ACTIVE_ARCH = YES;
				SDKROOT = iphoneos;
			};
			name = Debug;
		};
		7F4BB361214A00E00038AF0D /* Release */ = {
			isa = XCBuildConfiguration;
			buildSettings = {
				ALWAYS_SEARCH_USER_PATHS = NO;
				CLANG_ANALYZER_NONNULL = YES;
				CLANG_ANALYZER_NUMBER_OBJECT_CONVERSION = YES_AGGRESSIVE;
				CLANG_CXX_LANGUAGE_STANDARD = "gnu++14";
				CLANG_CXX_LIBRARY = "libc++";
				CLANG_ENABLE_MODULES = YES;
				CLANG_ENABLE_OBJC_ARC = YES;
				CLANG_ENABLE_OBJC_WEAK = YES;
				CLANG_WARN_BLOCK_CAPTURE_AUTORELEASING = YES;
				CLANG_WARN_BOOL_CONVERSION = YES;
				CLANG_WARN_COMMA = YES;
				CLANG_WARN_CONSTANT_CONVERSION = YES;
				CLANG_WARN_DEPRECATED_OBJC_IMPLEMENTATIONS = YES;
				CLANG_WARN_DIRECT_OBJC_ISA_USAGE = YES_ERROR;
				CLANG_WARN_DOCUMENTATION_COMMENTS = YES;
				CLANG_WARN_EMPTY_BODY = YES;
				CLANG_WARN_ENUM_CONVERSION = YES;
				CLANG_WARN_INFINITE_RECURSION = YES;
				CLANG_WARN_INT_CONVERSION = YES;
				CLANG_WARN_NON_LITERAL_NULL_CONVERSION = YES;
				CLANG_WARN_OBJC_IMPLICIT_RETAIN_SELF = YES;
				CLANG_WARN_OBJC_LITERAL_CONVERSION = YES;
				CLANG_WARN_OBJC_ROOT_CLASS = YES_ERROR;
				CLANG_WARN_RANGE_LOOP_ANALYSIS = YES;
				CLANG_WARN_STRICT_PROTOTYPES = YES;
				CLANG_WARN_SUSPICIOUS_MOVE = YES;
				CLANG_WARN_UNGUARDED_AVAILABILITY = YES_AGGRESSIVE;
				CLANG_WARN_UNREACHABLE_CODE = YES;
				CLANG_WARN__DUPLICATE_METHOD_MATCH = YES;
				CODE_SIGN_IDENTITY = "iPhone Developer";
				COPY_PHASE_STRIP = NO;
				DEBUG_INFORMATION_FORMAT = "dwarf-with-dsym";
				ENABLE_NS_ASSERTIONS = NO;
				ENABLE_STRICT_OBJC_MSGSEND = YES;
				GCC_C_LANGUAGE_STANDARD = gnu11;
				GCC_NO_COMMON_BLOCKS = YES;
				GCC_WARN_64_TO_32_BIT_CONVERSION = YES;
				GCC_WARN_ABOUT_RETURN_TYPE = YES_ERROR;
				GCC_WARN_UNDECLARED_SELECTOR = YES;
				GCC_WARN_UNINITIALIZED_AUTOS = YES_AGGRESSIVE;
				GCC_WARN_UNUSED_FUNCTION = YES;
				GCC_WARN_UNUSED_VARIABLE = YES;
				IPHONEOS_DEPLOYMENT_TARGET = 11.4;
				MTL_ENABLE_DEBUG_INFO = NO;
				SDKROOT = iphoneos;
				VALIDATE_PRODUCT = YES;
			};
			name = Release;
		};
		7F4BB363214A00E00038AF0D /* Debug */ = {
			isa = XCBuildConfiguration;
			buildSettings = {
				ASSETCATALOG_COMPILER_APPICON_NAME = AppIcon;
				CODE_SIGN_STYLE = Automatic;
				INFOPLIST_FILE = PerfectRuntime/Info.plist;
				LD_RUNPATH_SEARCH_PATHS = (
					"$(inherited)",
					"@executable_path/Frameworks",
				);
				PRODUCT_BUNDLE_IDENTIFIER = io.github.yangdongzheng.PerfectRuntime;
				PRODUCT_NAME = "$(TARGET_NAME)";
				TARGETED_DEVICE_FAMILY = "1,2";
			};
			name = Debug;
		};
		7F4BB364214A00E00038AF0D /* Release */ = {
			isa = XCBuildConfiguration;
			buildSettings = {
				ASSETCATALOG_COMPILER_APPICON_NAME = AppIcon;
				CODE_SIGN_STYLE = Automatic;
				INFOPLIST_FILE = PerfectRuntime/Info.plist;
				LD_RUNPATH_SEARCH_PATHS = (
					"$(inherited)",
					"@executable_path/Frameworks",
				);
				PRODUCT_BUNDLE_IDENTIFIER = io.github.yangdongzheng.PerfectRuntime;
				PRODUCT_NAME = "$(TARGET_NAME)";
				TARGETED_DEVICE_FAMILY = "1,2";
			};
			name = Release;
		};
/* End XCBuildConfiguration section */

/* Begin XCConfigurationList section */
		7F4BB347214A00DE0038AF0D /* Build configuration list for PBXProject "PerfectRuntime" */ = {
			isa = XCConfigurationList;
			buildConfigurations = (
				7F4BB360214A00E00038AF0D /* Debug */,
				7F4BB361214A00E00038AF0D /* Release */,
			);
			defaultConfigurationIsVisible = 0;
			defaultConfigurationName = Release;
		};
		7F4BB362214A00E00038AF0D /* Build configuration list for PBXNativeTarget "PerfectRuntime" */ = {
			isa = XCConfigurationList;
			buildConfigurations = (
				7F4BB363214A00E00038AF0D /* Debug */,
				7F4BB364214A00E00038AF0D /* Release */,
			);
			defaultConfigurationIsVisible = 0;
			defaultConfigurationName = Release;
		};
/* End XCConfigurationList section */
	};
	rootObject = 7F4BB344214A00DE0038AF0D /* Project object */;
}
